
Microsoft Visual Studio Solution File, Format Version 12.00
# Visual Studio Version 17
VisualStudioVersion = 17.0.31903.59
MinimumVisualStudioVersion = 10.0.40219.1
Project("{2150E333-8FDC-42A3-9474-1A3956D46DE8}") = "src", "src", "{F36BD266-CD75-4438-9BF9-CD91CDB18F2B}"
EndProject
Project("{FAE04EC0-301F-11D3-BF4B-00C04F79EFBC}") = "PaymentGateway.Api", "src\PaymentGateway.Api\PaymentGateway.Api.csproj", "{3CD9AAA2-2097-4874-9C40-FFDE26EE8E43}"
EndProject
Project("{2150E333-8FDC-42A3-9474-1A3956D46DE8}") = "test", "test", "{1EF69307-274F-458E-BBE8-4D390512A8C6}"
EndProject
Project("{FAE04EC0-301F-11D3-BF4B-00C04F79EFBC}") = "PaymentGateway.Core", "src\PaymentGateway.Core\PaymentGateway.Core.csproj", "{59C7A8AA-7853-4F8A-9943-DFE217BAE5BF}"
EndProject
Project("{FAE04EC0-301F-11D3-BF4B-00C04F79EFBC}") = "PaymentGateway.Infrastructure", "src\PaymentGateway.Infrastructure\PaymentGateway.Infrastructure.csproj", "{159307A0-983F-47EF-83D9-A211C0A3F36F}"
EndProject
Project("{FAE04EC0-301F-11D3-BF4B-00C04F79EFBC}") = "PaymentGateway.Core.Tests", "test\PaymentGateway.Core.Tests\PaymentGateway.Core.Tests.csproj", "{CE4C4771-42F2-4330-9DAE-4AC961CA484A}"
EndProject
Project("{FAE04EC0-301F-11D3-BF4B-00C04F79EFBC}") = "PaymentGateway.Infrastructure.Tests", "test\PaymentGateway.Infrastructure.Tests\PaymentGateway.Infrastructure.Tests.csproj", "{C7ECC8A7-2BE3-4CA1-A8C4-C8FFB57C86F8}"
EndProject
Project("{FAE04EC0-301F-11D3-BF4B-00C04F79EFBC}") = "PaymentGateway.Api.Tests", "test\PaymentGateway.Api.Tests\PaymentGateway.Api.Tests.csproj", "{14B0D615-D500-4DE1-9B12-BC274020FAB1}"
EndProject
Global
	GlobalSection(SolutionConfigurationPlatforms) = preSolution
		Debug|Any CPU = Debug|Any CPU
		Release|Any CPU = Release|Any CPU
	EndGlobalSection
	GlobalSection(SolutionProperties) = preSolution
		HideSolutionNode = FALSE
	EndGlobalSection
	GlobalSection(ProjectConfigurationPlatforms) = postSolution
		{3CD9AAA2-2097-4874-9C40-FFDE26EE8E43}.Debug|Any CPU.ActiveCfg = Debug|Any CPU
		{3CD9AAA2-2097-4874-9C40-FFDE26EE8E43}.Debug|Any CPU.Build.0 = Debug|Any CPU
		{3CD9AAA2-2097-4874-9C40-FFDE26EE8E43}.Release|Any CPU.ActiveCfg = Release|Any CPU
		{3CD9AAA2-2097-4874-9C40-FFDE26EE8E43}.Release|Any CPU.Build.0 = Release|Any CPU
		{59C7A8AA-7853-4F8A-9943-DFE217BAE5BF}.Debug|Any CPU.ActiveCfg = Debug|Any CPU
		{59C7A8AA-7853-4F8A-9943-DFE217BAE5BF}.Debug|Any CPU.Build.0 = Debug|Any CPU
		{59C7A8AA-7853-4F8A-9943-DFE217BAE5BF}.Release|Any CPU.ActiveCfg = Release|Any CPU
		{59C7A8AA-7853-4F8A-9943-DFE217BAE5BF}.Release|Any CPU.Build.0 = Release|Any CPU
		{159307A0-983F-47EF-83D9-A211C0A3F36F}.Debug|Any CPU.ActiveCfg = Debug|Any CPU
		{159307A0-983F-47EF-83D9-A211C0A3F36F}.Debug|Any CPU.Build.0 = Debug|Any CPU
		{159307A0-983F-47EF-83D9-A211C0A3F36F}.Release|Any CPU.ActiveCfg = Release|Any CPU
		{159307A0-983F-47EF-83D9-A211C0A3F36F}.Release|Any CPU.Build.0 = Release|Any CPU
		{CE4C4771-42F2-4330-9DAE-4AC961CA484A}.Debug|Any CPU.ActiveCfg = Debug|Any CPU
		{CE4C4771-42F2-4330-9DAE-4AC961CA484A}.Debug|Any CPU.Build.0 = Debug|Any CPU
		{CE4C4771-42F2-4330-9DAE-4AC961CA484A}.Release|Any CPU.ActiveCfg = Release|Any CPU
		{CE4C4771-42F2-4330-9DAE-4AC961CA484A}.Release|Any CPU.Build.0 = Release|Any CPU
		{C7ECC8A7-2BE3-4CA1-A8C4-C8FFB57C86F8}.Debug|Any CPU.ActiveCfg = Debug|Any CPU
		{C7ECC8A7-2BE3-4CA1-A8C4-C8FFB57C86F8}.Debug|Any CPU.Build.0 = Debug|Any CPU
		{C7ECC8A7-2BE3-4CA1-A8C4-C8FFB57C86F8}.Release|Any CPU.ActiveCfg = Release|Any CPU
		{C7ECC8A7-2BE3-4CA1-A8C4-C8FFB57C86F8}.Release|Any CPU.Build.0 = Release|Any CPU
		{14B0D615-D500-4DE1-9B12-BC274020FAB1}.Debug|Any CPU.ActiveCfg = Debug|Any CPU
		{14B0D615-D500-4DE1-9B12-BC274020FAB1}.Debug|Any CPU.Build.0 = Debug|Any CPU
		{14B0D615-D500-4DE1-9B12-BC274020FAB1}.Release|Any CPU.ActiveCfg = Release|Any CPU
		{14B0D615-D500-4DE1-9B12-BC274020FAB1}.Release|Any CPU.Build.0 = Release|Any CPU
	EndGlobalSection
	GlobalSection(NestedProjects) = preSolution
		{3CD9AAA2-2097-4874-9C40-FFDE26EE8E43} = {F36BD266-CD75-4438-9BF9-CD91CDB18F2B}
		{59C7A8AA-7853-4F8A-9943-DFE217BAE5BF} = {F36BD266-CD75-4438-9BF9-CD91CDB18F2B}
		{159307A0-983F-47EF-83D9-A211C0A3F36F} = {F36BD266-CD75-4438-9BF9-CD91CDB18F2B}
		{CE4C4771-42F2-4330-9DAE-4AC961CA484A} = {1EF69307-274F-458E-BBE8-4D390512A8C6}
		{C7ECC8A7-2BE3-4CA1-A8C4-C8FFB57C86F8} = {1EF69307-274F-458E-BBE8-4D390512A8C6}
		{14B0D615-D500-4DE1-9B12-BC274020FAB1} = {1EF69307-274F-458E-BBE8-4D390512A8C6}
	EndGlobalSection
EndGlobal
